// !$*UTF8*$!
{
	archiveVersion = 1;
	classes = {
	};
	objectVersion = 55;
	objects = {

/* Begin PBXBuildFile section */
		624F37F3290484B700507E8A /* AppDelegate.swift in Sources */ = {isa = PBXBuildFile; fileRef = 624F37F2290484B700507E8A /* AppDelegate.swift */; };
		624F37F5290484B700507E8A /* SceneDelegate.swift in Sources */ = {isa = PBXBuildFile; fileRef = 624F37F4290484B700507E8A /* SceneDelegate.swift */; };
		624F37FA290484B700507E8A /* Main.storyboard in Resources */ = {isa = PBXBuildFile; fileRef = 624F37F8290484B700507E8A /* Main.storyboard */; };
		624F37FC290484B800507E8A /* Assets.xcassets in Resources */ = {isa = PBXBuildFile; fileRef = 624F37FB290484B800507E8A /* Assets.xcassets */; };
		624F37FF290484B800507E8A /* LaunchScreen.storyboard in Resources */ = {isa = PBXBuildFile; fileRef = 624F37FD290484B800507E8A /* LaunchScreen.storyboard */; };
		624F38082904851100507E8A /* News.swift in Sources */ = {isa = PBXBuildFile; fileRef = 624F38072904851100507E8A /* News.swift */; };
		624F380A2904858A00507E8A /* TableViewController.swift in Sources */ = {isa = PBXBuildFile; fileRef = 624F38092904858A00507E8A /* TableViewController.swift */; };
		624F380C290485BE00507E8A /* TableViewCell.swift in Sources */ = {isa = PBXBuildFile; fileRef = 624F380B290485BE00507E8A /* TableViewCell.swift */; };
		624F380F2904883B00507E8A /* FirebaseAnalytics in Frameworks */ = {isa = PBXBuildFile; productRef = 624F380E2904883B00507E8A /* FirebaseAnalytics */; };
		624F38112904883B00507E8A /* FirebaseAnalyticsOnDeviceConversion in Frameworks */ = {isa = PBXBuildFile; productRef = 624F38102904883B00507E8A /* FirebaseAnalyticsOnDeviceConversion */; };
		624F38132904883B00507E8A /* FirebaseAnalyticsSwift in Frameworks */ = {isa = PBXBuildFile; productRef = 624F38122904883B00507E8A /* FirebaseAnalyticsSwift */; };
		624F38152904883B00507E8A /* FirebaseInAppMessaging-Beta in Frameworks */ = {isa = PBXBuildFile; productRef = 624F38142904883B00507E8A /* FirebaseInAppMessaging-Beta */; };
		624F38172904883B00507E8A /* FirebaseInAppMessagingSwift-Beta in Frameworks */ = {isa = PBXBuildFile; productRef = 624F38162904883B00507E8A /* FirebaseInAppMessagingSwift-Beta */; };
		624F38192904883B00507E8A /* FirebaseInstallations in Frameworks */ = {isa = PBXBuildFile; productRef = 624F38182904883B00507E8A /* FirebaseInstallations */; };
		624F381B2904883B00507E8A /* FirebaseMessaging in Frameworks */ = {isa = PBXBuildFile; productRef = 624F381A2904883B00507E8A /* FirebaseMessaging */; };
		624F381D2904894400507E8A /* GoogleService-Info.plist in Resources */ = {isa = PBXBuildFile; fileRef = 624F381C2904894400507E8A /* GoogleService-Info.plist */; };
/* End PBXBuildFile section */

/* Begin PBXFileReference section */
		624F37EF290484B700507E8A /* APNwithFBMessaging.app */ = {isa = PBXFileReference; explicitFileType = wrapper.application; includeInIndex = 0; path = APNwithFBMessaging.app; sourceTree = BUILT_PRODUCTS_DIR; };
		624F37F2290484B700507E8A /* AppDelegate.swift */ = {isa = PBXFileReference; lastKnownFileType = sourcecode.swift; path = AppDelegate.swift; sourceTree = "<group>"; };
		624F37F4290484B700507E8A /* SceneDelegate.swift */ = {isa = PBXFileReference; lastKnownFileType = sourcecode.swift; path = SceneDelegate.swift; sourceTree = "<group>"; };
		624F37F9290484B700507E8A /* Base */ = {isa = PBXFileReference; lastKnownFileType = file.storyboard; name = Base; path = Base.lproj/Main.storyboard; sourceTree = "<group>"; };
		624F37FB290484B800507E8A /* Assets.xcassets */ = {isa = PBXFileReference; lastKnownFileType = folder.assetcatalog; path = Assets.xcassets; sourceTree = "<group>"; };
		624F37FE290484B800507E8A /* Base */ = {isa = PBXFileReference; lastKnownFileType = file.storyboard; name = Base; path = Base.lproj/LaunchScreen.storyboard; sourceTree = "<group>"; };
		624F3800290484B800507E8A /* Info.plist */ = {isa = PBXFileReference; lastKnownFileType = text.plist.xml; path = Info.plist; sourceTree = "<group>"; };
		624F3806290484FB00507E8A /* APNwithFBMessaging.entitlements */ = {isa = PBXFileReference; lastKnownFileType = text.plist.entitlements; path = APNwithFBMessaging.entitlements; sourceTree = "<group>"; };
		624F38072904851100507E8A /* News.swift */ = {isa = PBXFileReference; lastKnownFileType = sourcecode.swift; path = News.swift; sourceTree = "<group>"; };
		624F38092904858A00507E8A /* TableViewController.swift */ = {isa = PBXFileReference; lastKnownFileType = sourcecode.swift; path = TableViewController.swift; sourceTree = "<group>"; };
		624F380B290485BE00507E8A /* TableViewCell.swift */ = {isa = PBXFileReference; lastKnownFileType = sourcecode.swift; path = TableViewCell.swift; sourceTree = "<group>"; };
		624F381C2904894400507E8A /* GoogleService-Info.plist */ = {isa = PBXFileReference; fileEncoding = 4; lastKnownFileType = text.plist.xml; path = "GoogleService-Info.plist"; sourceTree = "<group>"; };
/* End PBXFileReference section */

/* Begin PBXFrameworksBuildPhase section */
		624F37EC290484B700507E8A /* Frameworks */ = {
			isa = PBXFrameworksBuildPhase;
			buildActionMask = 2147483647;
			files = (
				624F38132904883B00507E8A /* FirebaseAnalyticsSwift in Frameworks */,
				624F380F2904883B00507E8A /* FirebaseAnalytics in Frameworks */,
				624F381B2904883B00507E8A /* FirebaseMessaging in Frameworks */,
				624F38172904883B00507E8A /* FirebaseInAppMessagingSwift-Beta in Frameworks */,
				624F38192904883B00507E8A /* FirebaseInstallations in Frameworks */,
				624F38112904883B00507E8A /* FirebaseAnalyticsOnDeviceConversion in Frameworks */,
				624F38152904883B00507E8A /* FirebaseInAppMessaging-Beta in Frameworks */,
			);
			runOnlyForDeploymentPostprocessing = 0;
		};
/* End PBXFrameworksBuildPhase section */

/* Begin PBXGroup section */
		624F37E6290484B700507E8A = {
			isa = PBXGroup;
			children = (
				624F37F1290484B700507E8A /* APNwithFBMessaging */,
				624F37F0290484B700507E8A /* Products */,
			);
			sourceTree = "<group>";
		};
		624F37F0290484B700507E8A /* Products */ = {
			isa = PBXGroup;
			children = (
				624F37EF290484B700507E8A /* APNwithFBMessaging.app */,
			);
			name = Products;
			sourceTree = "<group>";
		};
		624F37F1290484B700507E8A /* APNwithFBMessaging */ = {
			isa = PBXGroup;
			children = (
				624F3806290484FB00507E8A /* APNwithFBMessaging.entitlements */,
				624F38072904851100507E8A /* News.swift */,
				624F37F2290484B700507E8A /* AppDelegate.swift */,
				624F37F4290484B700507E8A /* SceneDelegate.swift */,
				624F38092904858A00507E8A /* TableViewController.swift */,
				624F380B290485BE00507E8A /* TableViewCell.swift */,
				624F381C2904894400507E8A /* GoogleService-Info.plist */,
				624F37F8290484B700507E8A /* Main.storyboard */,
				624F37FB290484B800507E8A /* Assets.xcassets */,
				624F37FD290484B800507E8A /* LaunchScreen.storyboard */,
				624F3800290484B800507E8A /* Info.plist */,
			);
			path = APNwithFBMessaging;
			sourceTree = "<group>";
		};
/* End PBXGroup section */

/* Begin PBXNativeTarget section */
		624F37EE290484B700507E8A /* APNwithFBMessaging */ = {
			isa = PBXNativeTarget;
			buildConfigurationList = 624F3803290484B800507E8A /* Build configuration list for PBXNativeTarget "APNwithFBMessaging" */;
			buildPhases = (
				624F37EB290484B700507E8A /* Sources */,
				624F37EC290484B700507E8A /* Frameworks */,
				624F37ED290484B700507E8A /* Resources */,
			);
			buildRules = (
			);
			dependencies = (
			);
			name = APNwithFBMessaging;
			packageProductDependencies = (
				624F380E2904883B00507E8A /* FirebaseAnalytics */,
				624F38102904883B00507E8A /* FirebaseAnalyticsOnDeviceConversion */,
				624F38122904883B00507E8A /* FirebaseAnalyticsSwift */,
				624F38142904883B00507E8A /* FirebaseInAppMessaging-Beta */,
				624F38162904883B00507E8A /* FirebaseInAppMessagingSwift-Beta */,
				624F38182904883B00507E8A /* FirebaseInstallations */,
				624F381A2904883B00507E8A /* FirebaseMessaging */,
			);
			productName = APNwithFBMessaging;
			productReference = 624F37EF290484B700507E8A /* APNwithFBMessaging.app */;
			productType = "com.apple.product-type.application";
		};
/* End PBXNativeTarget section */

/* Begin PBXProject section */
		624F37E7290484B700507E8A /* Project object */ = {
			isa = PBXProject;
			attributes = {
				BuildIndependentTargetsInParallel = 1;
				LastSwiftUpdateCheck = 1340;
				LastUpgradeCheck = 1340;
				TargetAttributes = {
					624F37EE290484B700507E8A = {
						CreatedOnToolsVersion = 13.4.1;
					};
				};
			};
			buildConfigurationList = 624F37EA290484B700507E8A /* Build configuration list for PBXProject "APNwithFBMessaging" */;
			compatibilityVersion = "Xcode 13.0";
			developmentRegion = en;
			hasScannedForEncodings = 0;
			knownRegions = (
				en,
				Base,
			);
			mainGroup = 624F37E6290484B700507E8A;
			packageReferences = (
				624F380D2904883B00507E8A /* XCRemoteSwiftPackageReference "firebase-ios-sdk" */,
			);
			productRefGroup = 624F37F0290484B700507E8A /* Products */;
			projectDirPath = "";
			projectRoot = "";
			targets = (
				624F37EE290484B700507E8A /* APNwithFBMessaging */,
			);
		};
/* End PBXProject section */

/* Begin PBXResourcesBuildPhase section */
		624F37ED290484B700507E8A /* Resources */ = {
			isa = PBXResourcesBuildPhase;
			buildActionMask = 2147483647;
			files = (
				624F37FF290484B800507E8A /* LaunchScreen.storyboard in Resources */,
				624F381D2904894400507E8A /* GoogleService-Info.plist in Resources */,
				624F37FC290484B800507E8A /* Assets.xcassets in Resources */,
				624F37FA290484B700507E8A /* Main.storyboard in Resources */,
			);
			runOnlyForDeploymentPostprocessing = 0;
		};
/* End PBXResourcesBuildPhase section */

/* Begin PBXSourcesBuildPhase section */
		624F37EB290484B700507E8A /* Sources */ = {
			isa = PBXSourcesBuildPhase;
			buildActionMask = 2147483647;
			files = (
				624F380C290485BE00507E8A /* TableViewCell.swift in Sources */,
				624F37F3290484B700507E8A /* AppDelegate.swift in Sources */,
				624F38082904851100507E8A /* News.swift in Sources */,
				624F37F5290484B700507E8A /* SceneDelegate.swift in Sources */,
				624F380A2904858A00507E8A /* TableViewController.swift in Sources */,
			);
			runOnlyForDeploymentPostprocessing = 0;
		};
/* End PBXSourcesBuildPhase section */

/* Begin PBXVariantGroup section */
		624F37F8290484B700507E8A /* Main.storyboard */ = {
			isa = PBXVariantGroup;
			children = (
				624F37F9290484B700507E8A /* Base */,
			);
			name = Main.storyboard;
			sourceTree = "<group>";
		};
		624F37FD290484B800507E8A /* LaunchScreen.storyboard */ = {
			isa = PBXVariantGroup;
			children = (
				624F37FE290484B800507E8A /* Base */,
			);
			name = LaunchScreen.storyboard;
			sourceTree = "<group>";
		};
/* End PBXVariantGroup section */

/* Begin XCBuildConfiguration section */
		624F3801290484B800507E8A /* Debug */ = {
			isa = XCBuildConfiguration;
			buildSettings = {
				ALWAYS_SEARCH_USER_PATHS = NO;
				CLANG_ANALYZER_NONNULL = YES;
				CLANG_ANALYZER_NUMBER_OBJECT_CONVERSION = YES_AGGRESSIVE;
				CLANG_CXX_LANGUAGE_STANDARD = "gnu++17";
				CLANG_ENABLE_MODULES = YES;
				CLANG_ENABLE_OBJC_ARC = YES;
				CLANG_ENABLE_OBJC_WEAK = YES;
				CLANG_WARN_BLOCK_CAPTURE_AUTORELEASING = YES;
				CLANG_WARN_BOOL_CONVERSION = YES;
				CLANG_WARN_COMMA = YES;
				CLANG_WARN_CONSTANT_CONVERSION = YES;
				CLANG_WARN_DEPRECATED_OBJC_IMPLEMENTATIONS = YES;
				CLANG_WARN_DIRECT_OBJC_ISA_USAGE = YES_ERROR;
				CLANG_WARN_DOCUMENTATION_COMMENTS = YES;
				CLANG_WARN_EMPTY_BODY = YES;
				CLANG_WARN_ENUM_CONVERSION = YES;
				CLANG_WARN_INFINITE_RECURSION = YES;
				CLANG_WARN_INT_CONVERSION = YES;
				CLANG_WARN_NON_LITERAL_NULL_CONVERSION = YES;
				CLANG_WARN_OBJC_IMPLICIT_RETAIN_SELF = YES;
				CLANG_WARN_OBJC_LITERAL_CONVERSION = YES;
				CLANG_WARN_OBJC_ROOT_CLASS = YES_ERROR;
				CLANG_WARN_QUOTED_INCLUDE_IN_FRAMEWORK_HEADER = YES;
				CLANG_WARN_RANGE_LOOP_ANALYSIS = YES;
				CLANG_WARN_STRICT_PROTOTYPES = YES;
				CLANG_WARN_SUSPICIOUS_MOVE = YES;
				CLANG_WARN_UNGUARDED_AVAILABILITY = YES_AGGRESSIVE;
				CLANG_WARN_UNREACHABLE_CODE = YES;
				CLANG_WARN__DUPLICATE_METHOD_MATCH = YES;
				COPY_PHASE_STRIP = NO;
				DEBUG_INFORMATION_FORMAT = dwarf;
				ENABLE_STRICT_OBJC_MSGSEND = YES;
				ENABLE_TESTABILITY = YES;
				GCC_C_LANGUAGE_STANDARD = gnu11;
				GCC_DYNAMIC_NO_PIC = NO;
				GCC_NO_COMMON_BLOCKS = YES;
				GCC_OPTIMIZATION_LEVEL = 0;
				GCC_PREPROCESSOR_DEFINITIONS = (
					"DEBUG=1",
					"$(inherited)",
				);
				GCC_WARN_64_TO_32_BIT_CONVERSION = YES;
				GCC_WARN_ABOUT_RETURN_TYPE = YES_ERROR;
				GCC_WARN_UNDECLARED_SELECTOR = YES;
				GCC_WARN_UNINITIALIZED_AUTOS = YES_AGGRESSIVE;
				GCC_WARN_UNUSED_FUNCTION = YES;
				GCC_WARN_UNUSED_VARIABLE = YES;
				IPHONEOS_DEPLOYMENT_TARGET = 15.5;
				MTL_ENABLE_DEBUG_INFO = INCLUDE_SOURCE;
				MTL_FAST_MATH = YES;
				ONLY_ACTIVE_ARCH = YES;
				SDKROOT = iphoneos;
				SWIFT_ACTIVE_COMPILATION_CONDITIONS = DEBUG;
				SWIFT_OPTIMIZATION_LEVEL = "-Onone";
			};
			name = Debug;
		};
		624F3802290484B800507E8A /* Release */ = {
			isa = XCBuildConfiguration;
			buildSettings = {
				ALWAYS_SEARCH_USER_PATHS = NO;
				CLANG_ANALYZER_NONNULL = YES;
				CLANG_ANALYZER_NUMBER_OBJECT_CONVERSION = YES_AGGRESSIVE;
				CLANG_CXX_LANGUAGE_STANDARD = "gnu++17";
				CLANG_ENABLE_MODULES = YES;
				CLANG_ENABLE_OBJC_ARC = YES;
				CLANG_ENABLE_OBJC_WEAK = YES;
				CLANG_WARN_BLOCK_CAPTURE_AUTORELEASING = YES;
				CLANG_WARN_BOOL_CONVERSION = YES;
				CLANG_WARN_COMMA = YES;
				CLANG_WARN_CONSTANT_CONVERSION = YES;
				CLANG_WARN_DEPRECATED_OBJC_IMPLEMENTATIONS = YES;
				CLANG_WARN_DIRECT_OBJC_ISA_USAGE = YES_ERROR;
				CLANG_WARN_DOCUMENTATION_COMMENTS = YES;
				CLANG_WARN_EMPTY_BODY = YES;
				CLANG_WARN_ENUM_CONVERSION = YES;
				CLANG_WARN_INFINITE_RECURSION = YES;
				CLANG_WARN_INT_CONVERSION = YES;
				CLANG_WARN_NON_LITERAL_NULL_CONVERSION = YES;
				CLANG_WARN_OBJC_IMPLICIT_RETAIN_SELF = YES;
				CLANG_WARN_OBJC_LITERAL_CONVERSION = YES;
				CLANG_WARN_OBJC_ROOT_CLASS = YES_ERROR;
				CLANG_WARN_QUOTED_INCLUDE_IN_FRAMEWORK_HEADER = YES;
				CLANG_WARN_RANGE_LOOP_ANALYSIS = YES;
				CLANG_WARN_STRICT_PROTOTYPES = YES;
				CLANG_WARN_SUSPICIOUS_MOVE = YES;
				CLANG_WARN_UNGUARDED_AVAILABILITY = YES_AGGRESSIVE;
				CLANG_WARN_UNREACHABLE_CODE = YES;
				CLANG_WARN__DUPLICATE_METHOD_MATCH = YES;
				COPY_PHASE_STRIP = NO;
				DEBUG_INFORMATION_FORMAT = "dwarf-with-dsym";
				ENABLE_NS_ASSERTIONS = NO;
				ENABLE_STRICT_OBJC_MSGSEND = YES;
				GCC_C_LANGUAGE_STANDARD = gnu11;
				GCC_NO_COMMON_BLOCKS = YES;
				GCC_WARN_64_TO_32_BIT_CONVERSION = YES;
				GCC_WARN_ABOUT_RETURN_TYPE = YES_ERROR;
				GCC_WARN_UNDECLARED_SELECTOR = YES;
				GCC_WARN_UNINITIALIZED_AUTOS = YES_AGGRESSIVE;
				GCC_WARN_UNUSED_FUNCTION = YES;
				GCC_WARN_UNUSED_VARIABLE = YES;
				IPHONEOS_DEPLOYMENT_TARGET = 15.5;
				MTL_ENABLE_DEBUG_INFO = NO;
				MTL_FAST_MATH = YES;
				SDKROOT = iphoneos;
				SWIFT_COMPILATION_MODE = wholemodule;
				SWIFT_OPTIMIZATION_LEVEL = "-O";
				VALIDATE_PRODUCT = YES;
			};
			name = Release;
		};
		624F3804290484B800507E8A /* Debug */ = {
			isa = XCBuildConfiguration;
			buildSettings = {
				ASSETCATALOG_COMPILER_APPICON_NAME = AppIcon;
				ASSETCATALOG_COMPILER_GLOBAL_ACCENT_COLOR_NAME = AccentColor;
				CODE_SIGN_ENTITLEMENTS = APNwithFBMessaging/APNwithFBMessaging.entitlements;
				CODE_SIGN_STYLE = Automatic;
				CURRENT_PROJECT_VERSION = 1;
				DEVELOPMENT_TEAM = 9RX5VUTPWS;
				GENERATE_INFOPLIST_FILE = YES;
				INFOPLIST_FILE = APNwithFBMessaging/Info.plist;
				INFOPLIST_KEY_UIApplicationSupportsIndirectInputEvents = YES;
				INFOPLIST_KEY_UILaunchStoryboardName = LaunchScreen;
				INFOPLIST_KEY_UIMainStoryboardFile = Main;
				INFOPLIST_KEY_UISupportedInterfaceOrientations_iPad = "UIInterfaceOrientationPortrait UIInterfaceOrientationPortraitUpsideDown UIInterfaceOrientationLandscapeLeft UIInterfaceOrientationLandscapeRight";
				INFOPLIST_KEY_UISupportedInterfaceOrientations_iPhone = "UIInterfaceOrientationPortrait UIInterfaceOrientationLandscapeLeft UIInterfaceOrientationLandscapeRight";
				LD_RUNPATH_SEARCH_PATHS = (
					"$(inherited)",
					"@executable_path/Frameworks",
				);
				MARKETING_VERSION = 1.0;
				PRODUCT_BUNDLE_IDENTIFIER = com.feyzatopgul.APNwithFBMessaging;
				PRODUCT_NAME = "$(TARGET_NAME)";
				SWIFT_EMIT_LOC_STRINGS = YES;
				SWIFT_VERSION = 5.0;
				TARGETED_DEVICE_FAMILY = "1,2";
			};
			name = Debug;
		};
		624F3805290484B800507E8A /* Release */ = {
			isa = XCBuildConfiguration;
			buildSettings = {
				ASSETCATALOG_COMPILER_APPICON_NAME = AppIcon;
				ASSETCATALOG_COMPILER_GLOBAL_ACCENT_COLOR_NAME = AccentColor;
				CODE_SIGN_ENTITLEMENTS = APNwithFBMessaging/APNwithFBMessaging.entitlements;
				CODE_SIGN_STYLE = Automatic;
				CURRENT_PROJECT_VERSION = 1;
				DEVELOPMENT_TEAM = 9RX5VUTPWS;
				GENERATE_INFOPLIST_FILE = YES;
				INFOPLIST_FILE = APNwithFBMessaging/Info.plist;
				INFOPLIST_KEY_UIApplicationSupportsIndirectInputEvents = YES;
				INFOPLIST_KEY_UILaunchStoryboardName = LaunchScreen;
				INFOPLIST_KEY_UIMainStoryboardFile = Main;
				INFOPLIST_KEY_UISupportedInterfaceOrientations_iPad = "UIInterfaceOrientationPortrait UIInterfaceOrientationPortraitUpsideDown UIInterfaceOrientationLandscapeLeft UIInterfaceOrientationLandscapeRight";
				INFOPLIST_KEY_UISupportedInterfaceOrientations_iPhone = "UIInterfaceOrientationPortrait UIInterfaceOrientationLandscapeLeft UIInterfaceOrientationLandscapeRight";
				LD_RUNPATH_SEARCH_PATHS = (
					"$(inherited)",
					"@executable_path/Frameworks",
				);
				MARKETING_VERSION = 1.0;
				PRODUCT_BUNDLE_IDENTIFIER = com.feyzatopgul.APNwithFBMessaging;
				PRODUCT_NAME = "$(TARGET_NAME)";
				SWIFT_EMIT_LOC_STRINGS = YES;
				SWIFT_VERSION = 5.0;
				TARGETED_DEVICE_FAMILY = "1,2";
			};
			name = Release;
		};
/* End XCBuildConfiguration section */

/* Begin XCConfigurationList section */
		624F37EA290484B700507E8A /* Build configuration list for PBXProject "APNwithFBMessaging" */ = {
			isa = XCConfigurationList;
			buildConfigurations = (
				624F3801290484B800507E8A /* Debug */,
				624F3802290484B800507E8A /* Release */,
			);
			defaultConfigurationIsVisible = 0;
			defaultConfigurationName = Release;
		};
		624F3803290484B800507E8A /* Build configuration list for PBXNativeTarget "APNwithFBMessaging" */ = {
			isa = XCConfigurationList;
			buildConfigurations = (
				624F3804290484B800507E8A /* Debug */,
				624F3805290484B800507E8A /* Release */,
			);
			defaultConfigurationIsVisible = 0;
			defaultConfigurationName = Release;
		};
/* End XCConfigurationList section */

/* Begin XCRemoteSwiftPackageReference section */
		624F380D2904883B00507E8A /* XCRemoteSwiftPackageReference "firebase-ios-sdk" */ = {
			isa = XCRemoteSwiftPackageReference;
			repositoryURL = "https://github.com/firebase/firebase-ios-sdk";
			requirement = {
				kind = upToNextMajorVersion;
				minimumVersion = 9.0.0;
			};
		};
/* End XCRemoteSwiftPackageReference section */

/* Begin XCSwiftPackageProductDependency section */
		624F380E2904883B00507E8A /* FirebaseAnalytics */ = {
			isa = XCSwiftPackageProductDependency;
			package = 624F380D2904883B00507E8A /* XCRemoteSwiftPackageReference "firebase-ios-sdk" */;
			productName = FirebaseAnalytics;
		};
		624F38102904883B00507E8A /* FirebaseAnalyticsOnDeviceConversion */ = {
			isa = XCSwiftPackageProductDependency;
			package = 624F380D2904883B00507E8A /* XCRemoteSwiftPackageReference "firebase-ios-sdk" */;
			productName = FirebaseAnalyticsOnDeviceConversion;
		};
		624F38122904883B00507E8A /* FirebaseAnalyticsSwift */ = {
			isa = XCSwiftPackageProductDependency;
			package = 624F380D2904883B00507E8A /* XCRemoteSwiftPackageReference "firebase-ios-sdk" */;
			productName = FirebaseAnalyticsSwift;
		};
		624F38142904883B00507E8A /* FirebaseInAppMessaging-Beta */ = {
			isa = XCSwiftPackageProductDependency;
			package = 624F380D2904883B00507E8A /* XCRemoteSwiftPackageReference "firebase-ios-sdk" */;
			productName = "FirebaseInAppMessaging-Beta";
		};
		624F38162904883B00507E8A /* FirebaseInAppMessagingSwift-Beta */ = {
			isa = XCSwiftPackageProductDependency;
			package = 624F380D2904883B00507E8A /* XCRemoteSwiftPackageReference "firebase-ios-sdk" */;
			productName = "FirebaseInAppMessagingSwift-Beta";
		};
		624F38182904883B00507E8A /* FirebaseInstallations */ = {
			isa = XCSwiftPackageProductDependency;
			package = 624F380D2904883B00507E8A /* XCRemoteSwiftPackageReference "firebase-ios-sdk" */;
			productName = FirebaseInstallations;
		};
		624F381A2904883B00507E8A /* FirebaseMessaging */ = {
			isa = XCSwiftPackageProductDependency;
			package = 624F380D2904883B00507E8A /* XCRemoteSwiftPackageReference "firebase-ios-sdk" */;
			productName = FirebaseMessaging;
		};
/* End XCSwiftPackageProductDependency section */
	};
	rootObject = 624F37E7290484B700507E8A /* Project object */;
}
